// !$*UTF8*$!
{
	archiveVersion = 1;
	classes = {
	};
	objectVersion = 56;
	objects = {

/* Begin PBXBuildFile section */
		CC5B423B29DB0E2000A40DBE /* ItambahApp.swift in Sources */ = {isa = PBXBuildFile; fileRef = CC5B423A29DB0E2000A40DBE /* ItambahApp.swift */; };
		CC5B423F29DB0E2100A40DBE /* Assets.xcassets in Resources */ = {isa = PBXBuildFile; fileRef = CC5B423E29DB0E2100A40DBE /* Assets.xcassets */; };
		CC5B424229DB0E2100A40DBE /* Preview Assets.xcassets in Resources */ = {isa = PBXBuildFile; fileRef = CC5B424129DB0E2100A40DBE /* Preview Assets.xcassets */; };
		CC5B424929DB109C00A40DBE /* HomeView.swift in Sources */ = {isa = PBXBuildFile; fileRef = CC5B424829DB109C00A40DBE /* HomeView.swift */; };
		CC5B424B29DB176300A40DBE /* MainView.swift in Sources */ = {isa = PBXBuildFile; fileRef = CC5B424A29DB176300A40DBE /* MainView.swift */; };
		CC6CD77F29EA930A00493E44 /* InstructionView.swift in Sources */ = {isa = PBXBuildFile; fileRef = CC6CD77E29EA930A00493E44 /* InstructionView.swift */; };
		CCAA475E29E29A7800CEBD06 /* kids.mp3 in Resources */ = {isa = PBXBuildFile; fileRef = CCAA475D29E29A7800CEBD06 /* kids.mp3 */; };
		CCAA476029E29AEA00CEBD06 /* SoundManager.swift in Sources */ = {isa = PBXBuildFile; fileRef = CCAA475F29E29AEA00CEBD06 /* SoundManager.swift */; };
		EC7D5DAC2A925D0E006F04FA /* BackgroundView.swift in Sources */ = {isa = PBXBuildFile; fileRef = EC7D5DAB2A925D0E006F04FA /* BackgroundView.swift */; };
		ECA6C4452A924F3D001940F8 /* NavigationViewModel.swift in Sources */ = {isa = PBXBuildFile; fileRef = ECA6C4442A924F3D001940F8 /* NavigationViewModel.swift */; };
		ECCC86F82A92643B00C3531D /* Misc.swift in Sources */ = {isa = PBXBuildFile; fileRef = ECCC86F72A92643B00C3531D /* Misc.swift */; };
		ECCC86FA2A92659E00C3531D /* StyleManager.swift in Sources */ = {isa = PBXBuildFile; fileRef = ECCC86F92A92659E00C3531D /* StyleManager.swift */; };
		ECCC86FC2A92E12100C3531D /* DiceModel.swift in Sources */ = {isa = PBXBuildFile; fileRef = ECCC86FB2A92E12100C3531D /* DiceModel.swift */; };
		ECCC86FE2A92E26800C3531D /* EquationModel.swift in Sources */ = {isa = PBXBuildFile; fileRef = ECCC86FD2A92E26800C3531D /* EquationModel.swift */; };
		ECCC87002A92E30E00C3531D /* DotsModel.swift in Sources */ = {isa = PBXBuildFile; fileRef = ECCC86FF2A92E30E00C3531D /* DotsModel.swift */; };
		ECCC87022A93131600C3531D /* SplashDiceView.swift in Sources */ = {isa = PBXBuildFile; fileRef = ECCC87012A93131600C3531D /* SplashDiceView.swift */; };
		ECCC87042A931B6F00C3531D /* BoardModel.swift in Sources */ = {isa = PBXBuildFile; fileRef = ECCC87032A931B6F00C3531D /* BoardModel.swift */; };
		ECCC87062A934B5800C3531D /* BoardViewModel.swift in Sources */ = {isa = PBXBuildFile; fileRef = ECCC87052A934B5800C3531D /* BoardViewModel.swift */; };
		ECCC87082A9361AC00C3531D /* DiceEquationView.swift in Sources */ = {isa = PBXBuildFile; fileRef = ECCC87072A9361AC00C3531D /* DiceEquationView.swift */; };
		ECCC870A2A936A2B00C3531D /* DotsView.swift in Sources */ = {isa = PBXBuildFile; fileRef = ECCC87092A936A2B00C3531D /* DotsView.swift */; };
		ECCC870C2A9379B200C3531D /* WrongAnswerView.swift in Sources */ = {isa = PBXBuildFile; fileRef = ECCC870B2A9379B200C3531D /* WrongAnswerView.swift */; };
		ECCC870E2A9379D800C3531D /* CorrectAnswerView.swift in Sources */ = {isa = PBXBuildFile; fileRef = ECCC870D2A9379D800C3531D /* CorrectAnswerView.swift */; };
		ECCC87102A939A9C00C3531D /* HintView.swift in Sources */ = {isa = PBXBuildFile; fileRef = ECCC870F2A939A9C00C3531D /* HintView.swift */; };
		ECCC87122A93B80E00C3531D /* HeaderView.swift in Sources */ = {isa = PBXBuildFile; fileRef = ECCC87112A93B80E00C3531D /* HeaderView.swift */; };
/* End PBXBuildFile section */

/* Begin PBXFileReference section */
		CC5B423729DB0E2000A40DBE /* Itambah.app */ = {isa = PBXFileReference; explicitFileType = wrapper.application; includeInIndex = 0; path = Itambah.app; sourceTree = BUILT_PRODUCTS_DIR; };
		CC5B423A29DB0E2000A40DBE /* ItambahApp.swift */ = {isa = PBXFileReference; lastKnownFileType = sourcecode.swift; path = ItambahApp.swift; sourceTree = "<group>"; };
		CC5B423E29DB0E2100A40DBE /* Assets.xcassets */ = {isa = PBXFileReference; lastKnownFileType = folder.assetcatalog; path = Assets.xcassets; sourceTree = "<group>"; };
		CC5B424129DB0E2100A40DBE /* Preview Assets.xcassets */ = {isa = PBXFileReference; lastKnownFileType = folder.assetcatalog; path = "Preview Assets.xcassets"; sourceTree = "<group>"; };
		CC5B424829DB109C00A40DBE /* HomeView.swift */ = {isa = PBXFileReference; lastKnownFileType = sourcecode.swift; path = HomeView.swift; sourceTree = "<group>"; };
		CC5B424A29DB176300A40DBE /* MainView.swift */ = {isa = PBXFileReference; lastKnownFileType = sourcecode.swift; path = MainView.swift; sourceTree = "<group>"; };
		CC6CD77E29EA930A00493E44 /* InstructionView.swift */ = {isa = PBXFileReference; lastKnownFileType = sourcecode.swift; path = InstructionView.swift; sourceTree = "<group>"; };
		CCAA475D29E29A7800CEBD06 /* kids.mp3 */ = {isa = PBXFileReference; lastKnownFileType = audio.mp3; path = kids.mp3; sourceTree = "<group>"; };
		CCAA475F29E29AEA00CEBD06 /* SoundManager.swift */ = {isa = PBXFileReference; lastKnownFileType = sourcecode.swift; path = SoundManager.swift; sourceTree = "<group>"; };
		EC7D5DAB2A925D0E006F04FA /* BackgroundView.swift */ = {isa = PBXFileReference; lastKnownFileType = sourcecode.swift; path = BackgroundView.swift; sourceTree = "<group>"; };
		ECA6C4442A924F3D001940F8 /* NavigationViewModel.swift */ = {isa = PBXFileReference; lastKnownFileType = sourcecode.swift; path = NavigationViewModel.swift; sourceTree = "<group>"; };
		ECCC86F72A92643B00C3531D /* Misc.swift */ = {isa = PBXFileReference; lastKnownFileType = sourcecode.swift; path = Misc.swift; sourceTree = "<group>"; };
		ECCC86F92A92659E00C3531D /* StyleManager.swift */ = {isa = PBXFileReference; lastKnownFileType = sourcecode.swift; path = StyleManager.swift; sourceTree = "<group>"; };
		ECCC86FB2A92E12100C3531D /* DiceModel.swift */ = {isa = PBXFileReference; lastKnownFileType = sourcecode.swift; path = DiceModel.swift; sourceTree = "<group>"; };
		ECCC86FD2A92E26800C3531D /* EquationModel.swift */ = {isa = PBXFileReference; lastKnownFileType = sourcecode.swift; path = EquationModel.swift; sourceTree = "<group>"; };
		ECCC86FF2A92E30E00C3531D /* DotsModel.swift */ = {isa = PBXFileReference; lastKnownFileType = sourcecode.swift; path = DotsModel.swift; sourceTree = "<group>"; };
		ECCC87012A93131600C3531D /* SplashDiceView.swift */ = {isa = PBXFileReference; lastKnownFileType = sourcecode.swift; path = SplashDiceView.swift; sourceTree = "<group>"; };
		ECCC87032A931B6F00C3531D /* BoardModel.swift */ = {isa = PBXFileReference; lastKnownFileType = sourcecode.swift; path = BoardModel.swift; sourceTree = "<group>"; };
		ECCC87052A934B5800C3531D /* BoardViewModel.swift */ = {isa = PBXFileReference; lastKnownFileType = sourcecode.swift; path = BoardViewModel.swift; sourceTree = "<group>"; };
		ECCC87072A9361AC00C3531D /* DiceEquationView.swift */ = {isa = PBXFileReference; lastKnownFileType = sourcecode.swift; path = DiceEquationView.swift; sourceTree = "<group>"; };
		ECCC87092A936A2B00C3531D /* DotsView.swift */ = {isa = PBXFileReference; lastKnownFileType = sourcecode.swift; path = DotsView.swift; sourceTree = "<group>"; };
		ECCC870B2A9379B200C3531D /* WrongAnswerView.swift */ = {isa = PBXFileReference; lastKnownFileType = sourcecode.swift; path = WrongAnswerView.swift; sourceTree = "<group>"; };
		ECCC870D2A9379D800C3531D /* CorrectAnswerView.swift */ = {isa = PBXFileReference; lastKnownFileType = sourcecode.swift; path = CorrectAnswerView.swift; sourceTree = "<group>"; };
		ECCC870F2A939A9C00C3531D /* HintView.swift */ = {isa = PBXFileReference; lastKnownFileType = sourcecode.swift; path = HintView.swift; sourceTree = "<group>"; };
		ECCC87112A93B80E00C3531D /* HeaderView.swift */ = {isa = PBXFileReference; lastKnownFileType = sourcecode.swift; path = HeaderView.swift; sourceTree = "<group>"; };
/* End PBXFileReference section */

/* Begin PBXFrameworksBuildPhase section */
		CC5B423429DB0E2000A40DBE /* Frameworks */ = {
			isa = PBXFrameworksBuildPhase;
			buildActionMask = 2147483647;
			files = (
			);
			runOnlyForDeploymentPostprocessing = 0;
		};
/* End PBXFrameworksBuildPhase section */

/* Begin PBXGroup section */
		CC5B422E29DB0E2000A40DBE = {
			isa = PBXGroup;
			children = (
				CC5B423929DB0E2000A40DBE /* Itambah */,
				CC5B423829DB0E2000A40DBE /* Products */,
			);
			sourceTree = "<group>";
		};
		CC5B423829DB0E2000A40DBE /* Products */ = {
			isa = PBXGroup;
			children = (
				CC5B423729DB0E2000A40DBE /* Itambah.app */,
			);
			name = Products;
			sourceTree = "<group>";
		};
		CC5B423929DB0E2000A40DBE /* Itambah */ = {
			isa = PBXGroup;
			children = (
				CC5B423A29DB0E2000A40DBE /* ItambahApp.swift */,
				ECA6C4432A924F22001940F8 /* Utilities */,
				ECA6C4422A924F0C001940F8 /* ViewModel */,
				ECA6C4412A924F04001940F8 /* Model */,
				ECA6C41A2A90EECD001940F8 /* View */,
				CC5B423E29DB0E2100A40DBE /* Assets.xcassets */,
				CCAA475C29E29A4700CEBD06 /* sounds */,
				CC5B424029DB0E2100A40DBE /* Preview Content */,
			);
			path = Itambah;
			sourceTree = "<group>";
		};
		CC5B424029DB0E2100A40DBE /* Preview Content */ = {
			isa = PBXGroup;
			children = (
				CC5B424129DB0E2100A40DBE /* Preview Assets.xcassets */,
			);
			path = "Preview Content";
			sourceTree = "<group>";
		};
		CCAA475C29E29A4700CEBD06 /* sounds */ = {
			isa = PBXGroup;
			children = (
				CCAA475D29E29A7800CEBD06 /* kids.mp3 */,
			);
			path = sounds;
			sourceTree = "<group>";
		};
		ECA6C41A2A90EECD001940F8 /* View */ = {
			isa = PBXGroup;
			children = (
				EC7D5DAB2A925D0E006F04FA /* BackgroundView.swift */,
				CC5B424829DB109C00A40DBE /* HomeView.swift */,
				CC6CD77E29EA930A00493E44 /* InstructionView.swift */,
				CC5B424A29DB176300A40DBE /* MainView.swift */,
				ECCC87112A93B80E00C3531D /* HeaderView.swift */,
				ECCC870F2A939A9C00C3531D /* HintView.swift */,
				ECCC87072A9361AC00C3531D /* DiceEquationView.swift */,
				ECCC87012A93131600C3531D /* SplashDiceView.swift */,
				ECCC87092A936A2B00C3531D /* DotsView.swift */,
				ECCC870D2A9379D800C3531D /* CorrectAnswerView.swift */,
				ECCC870B2A9379B200C3531D /* WrongAnswerView.swift */,
			);
			path = View;
			sourceTree = "<group>";
		};
		ECA6C4412A924F04001940F8 /* Model */ = {
			isa = PBXGroup;
			children = (
				ECCC86FB2A92E12100C3531D /* DiceModel.swift */,
				ECCC86FD2A92E26800C3531D /* EquationModel.swift */,
				ECCC86FF2A92E30E00C3531D /* DotsModel.swift */,
				ECCC87032A931B6F00C3531D /* BoardModel.swift */,
			);
			path = Model;
			sourceTree = "<group>";
		};
		ECA6C4422A924F0C001940F8 /* ViewModel */ = {
			isa = PBXGroup;
			children = (
				ECA6C4442A924F3D001940F8 /* NavigationViewModel.swift */,
				ECCC87052A934B5800C3531D /* BoardViewModel.swift */,
			);
			path = ViewModel;
			sourceTree = "<group>";
		};
		ECA6C4432A924F22001940F8 /* Utilities */ = {
			isa = PBXGroup;
			children = (
				CCAA475F29E29AEA00CEBD06 /* SoundManager.swift */,
				ECCC86F72A92643B00C3531D /* Misc.swift */,
				ECCC86F92A92659E00C3531D /* StyleManager.swift */,
			);
			path = Utilities;
			sourceTree = "<group>";
		};
/* End PBXGroup section */

/* Begin PBXNativeTarget section */
		CC5B423629DB0E2000A40DBE /* Itambah */ = {
			isa = PBXNativeTarget;
			buildConfigurationList = CC5B424529DB0E2100A40DBE /* Build configuration list for PBXNativeTarget "Itambah" */;
			buildPhases = (
				CC5B423329DB0E2000A40DBE /* Sources */,
				CC5B423429DB0E2000A40DBE /* Frameworks */,
				CC5B423529DB0E2000A40DBE /* Resources */,
			);
			buildRules = (
			);
			dependencies = (
			);
			name = Itambah;
			productName = Itambah;
			productReference = CC5B423729DB0E2000A40DBE /* Itambah.app */;
			productType = "com.apple.product-type.application";
		};
/* End PBXNativeTarget section */

/* Begin PBXProject section */
		CC5B422F29DB0E2000A40DBE /* Project object */ = {
			isa = PBXProject;
			attributes = {
				BuildIndependentTargetsInParallel = 1;
				LastSwiftUpdateCheck = 1420;
				LastUpgradeCheck = 1420;
				TargetAttributes = {
					CC5B423629DB0E2000A40DBE = {
						CreatedOnToolsVersion = 14.2;
					};
				};
			};
			buildConfigurationList = CC5B423229DB0E2000A40DBE /* Build configuration list for PBXProject "Itambah" */;
			compatibilityVersion = "Xcode 14.0";
			developmentRegion = en;
			hasScannedForEncodings = 0;
			knownRegions = (
				en,
				Base,
			);
			mainGroup = CC5B422E29DB0E2000A40DBE;
			productRefGroup = CC5B423829DB0E2000A40DBE /* Products */;
			projectDirPath = "";
			projectRoot = "";
			targets = (
				CC5B423629DB0E2000A40DBE /* Itambah */,
			);
		};
/* End PBXProject section */

/* Begin PBXResourcesBuildPhase section */
		CC5B423529DB0E2000A40DBE /* Resources */ = {
			isa = PBXResourcesBuildPhase;
			buildActionMask = 2147483647;
			files = (
				CC5B424229DB0E2100A40DBE /* Preview Assets.xcassets in Resources */,
				CC5B423F29DB0E2100A40DBE /* Assets.xcassets in Resources */,
				CCAA475E29E29A7800CEBD06 /* kids.mp3 in Resources */,
			);
			runOnlyForDeploymentPostprocessing = 0;
		};
/* End PBXResourcesBuildPhase section */

/* Begin PBXSourcesBuildPhase section */
		CC5B423329DB0E2000A40DBE /* Sources */ = {
			isa = PBXSourcesBuildPhase;
			buildActionMask = 2147483647;
			files = (
				ECCC870C2A9379B200C3531D /* WrongAnswerView.swift in Sources */,
				CC5B424929DB109C00A40DBE /* HomeView.swift in Sources */,
				ECCC870E2A9379D800C3531D /* CorrectAnswerView.swift in Sources */,
				ECCC870A2A936A2B00C3531D /* DotsView.swift in Sources */,
				ECCC87002A92E30E00C3531D /* DotsModel.swift in Sources */,
				CC5B424B29DB176300A40DBE /* MainView.swift in Sources */,
				CC5B423B29DB0E2000A40DBE /* ItambahApp.swift in Sources */,
				ECCC87022A93131600C3531D /* SplashDiceView.swift in Sources */,
				ECCC87062A934B5800C3531D /* BoardViewModel.swift in Sources */,
				ECCC87042A931B6F00C3531D /* BoardModel.swift in Sources */,
				ECCC87082A9361AC00C3531D /* DiceEquationView.swift in Sources */,
				ECCC87102A939A9C00C3531D /* HintView.swift in Sources */,
				ECCC86F82A92643B00C3531D /* Misc.swift in Sources */,
				ECCC87122A93B80E00C3531D /* HeaderView.swift in Sources */,
				ECCC86FC2A92E12100C3531D /* DiceModel.swift in Sources */,
				ECCC86FE2A92E26800C3531D /* EquationModel.swift in Sources */,
				EC7D5DAC2A925D0E006F04FA /* BackgroundView.swift in Sources */,
				CC6CD77F29EA930A00493E44 /* InstructionView.swift in Sources */,
				ECCC86FA2A92659E00C3531D /* StyleManager.swift in Sources */,
				CCAA476029E29AEA00CEBD06 /* SoundManager.swift in Sources */,
				ECA6C4452A924F3D001940F8 /* NavigationViewModel.swift in Sources */,
			);
			runOnlyForDeploymentPostprocessing = 0;
		};
/* End PBXSourcesBuildPhase section */

/* Begin XCBuildConfiguration section */
		CC5B424329DB0E2100A40DBE /* Debug */ = {
			isa = XCBuildConfiguration;
			buildSettings = {
				ALWAYS_SEARCH_USER_PATHS = NO;
				CLANG_ANALYZER_NONNULL = YES;
				CLANG_ANALYZER_NUMBER_OBJECT_CONVERSION = YES_AGGRESSIVE;
				CLANG_CXX_LANGUAGE_STANDARD = "gnu++20";
				CLANG_ENABLE_MODULES = YES;
				CLANG_ENABLE_OBJC_ARC = YES;
				CLANG_ENABLE_OBJC_WEAK = YES;
				CLANG_WARN_BLOCK_CAPTURE_AUTORELEASING = YES;
				CLANG_WARN_BOOL_CONVERSION = YES;
				CLANG_WARN_COMMA = YES;
				CLANG_WARN_CONSTANT_CONVERSION = YES;
				CLANG_WARN_DEPRECATED_OBJC_IMPLEMENTATIONS = YES;
				CLANG_WARN_DIRECT_OBJC_ISA_USAGE = YES_ERROR;
				CLANG_WARN_DOCUMENTATION_COMMENTS = YES;
				CLANG_WARN_EMPTY_BODY = YES;
				CLANG_WARN_ENUM_CONVERSION = YES;
				CLANG_WARN_INFINITE_RECURSION = YES;
				CLANG_WARN_INT_CONVERSION = YES;
				CLANG_WARN_NON_LITERAL_NULL_CONVERSION = YES;
				CLANG_WARN_OBJC_IMPLICIT_RETAIN_SELF = YES;
				CLANG_WARN_OBJC_LITERAL_CONVERSION = YES;
				CLANG_WARN_OBJC_ROOT_CLASS = YES_ERROR;
				CLANG_WARN_QUOTED_INCLUDE_IN_FRAMEWORK_HEADER = YES;
				CLANG_WARN_RANGE_LOOP_ANALYSIS = YES;
				CLANG_WARN_STRICT_PROTOTYPES = YES;
				CLANG_WARN_SUSPICIOUS_MOVE = YES;
				CLANG_WARN_UNGUARDED_AVAILABILITY = YES_AGGRESSIVE;
				CLANG_WARN_UNREACHABLE_CODE = YES;
				CLANG_WARN__DUPLICATE_METHOD_MATCH = YES;
				COPY_PHASE_STRIP = NO;
				DEBUG_INFORMATION_FORMAT = dwarf;
				ENABLE_STRICT_OBJC_MSGSEND = YES;
				ENABLE_TESTABILITY = YES;
				GCC_C_LANGUAGE_STANDARD = gnu11;
				GCC_DYNAMIC_NO_PIC = NO;
				GCC_NO_COMMON_BLOCKS = YES;
				GCC_OPTIMIZATION_LEVEL = 0;
				GCC_PREPROCESSOR_DEFINITIONS = (
					"DEBUG=1",
					"$(inherited)",
				);
				GCC_WARN_64_TO_32_BIT_CONVERSION = YES;
				GCC_WARN_ABOUT_RETURN_TYPE = YES_ERROR;
				GCC_WARN_UNDECLARED_SELECTOR = YES;
				GCC_WARN_UNINITIALIZED_AUTOS = YES_AGGRESSIVE;
				GCC_WARN_UNUSED_FUNCTION = YES;
				GCC_WARN_UNUSED_VARIABLE = YES;
				IPHONEOS_DEPLOYMENT_TARGET = 16.2;
				MTL_ENABLE_DEBUG_INFO = INCLUDE_SOURCE;
				MTL_FAST_MATH = YES;
				ONLY_ACTIVE_ARCH = YES;
				SDKROOT = iphoneos;
				SWIFT_ACTIVE_COMPILATION_CONDITIONS = DEBUG;
				SWIFT_OPTIMIZATION_LEVEL = "-Onone";
			};
			name = Debug;
		};
		CC5B424429DB0E2100A40DBE /* Release */ = {
			isa = XCBuildConfiguration;
			buildSettings = {
				ALWAYS_SEARCH_USER_PATHS = NO;
				CLANG_ANALYZER_NONNULL = YES;
				CLANG_ANALYZER_NUMBER_OBJECT_CONVERSION = YES_AGGRESSIVE;
				CLANG_CXX_LANGUAGE_STANDARD = "gnu++20";
				CLANG_ENABLE_MODULES = YES;
				CLANG_ENABLE_OBJC_ARC = YES;
				CLANG_ENABLE_OBJC_WEAK = YES;
				CLANG_WARN_BLOCK_CAPTURE_AUTORELEASING = YES;
				CLANG_WARN_BOOL_CONVERSION = YES;
				CLANG_WARN_COMMA = YES;
				CLANG_WARN_CONSTANT_CONVERSION = YES;
				CLANG_WARN_DEPRECATED_OBJC_IMPLEMENTATIONS = YES;
				CLANG_WARN_DIRECT_OBJC_ISA_USAGE = YES_ERROR;
				CLANG_WARN_DOCUMENTATION_COMMENTS = YES;
				CLANG_WARN_EMPTY_BODY = YES;
				CLANG_WARN_ENUM_CONVERSION = YES;
				CLANG_WARN_INFINITE_RECURSION = YES;
				CLANG_WARN_INT_CONVERSION = YES;
				CLANG_WARN_NON_LITERAL_NULL_CONVERSION = YES;
				CLANG_WARN_OBJC_IMPLICIT_RETAIN_SELF = YES;
				CLANG_WARN_OBJC_LITERAL_CONVERSION = YES;
				CLANG_WARN_OBJC_ROOT_CLASS = YES_ERROR;
				CLANG_WARN_QUOTED_INCLUDE_IN_FRAMEWORK_HEADER = YES;
				CLANG_WARN_RANGE_LOOP_ANALYSIS = YES;
				CLANG_WARN_STRICT_PROTOTYPES = YES;
				CLANG_WARN_SUSPICIOUS_MOVE = YES;
				CLANG_WARN_UNGUARDED_AVAILABILITY = YES_AGGRESSIVE;
				CLANG_WARN_UNREACHABLE_CODE = YES;
				CLANG_WARN__DUPLICATE_METHOD_MATCH = YES;
				COPY_PHASE_STRIP = NO;
				DEBUG_INFORMATION_FORMAT = "dwarf-with-dsym";
				ENABLE_NS_ASSERTIONS = NO;
				ENABLE_STRICT_OBJC_MSGSEND = YES;
				GCC_C_LANGUAGE_STANDARD = gnu11;
				GCC_NO_COMMON_BLOCKS = YES;
				GCC_WARN_64_TO_32_BIT_CONVERSION = YES;
				GCC_WARN_ABOUT_RETURN_TYPE = YES_ERROR;
				GCC_WARN_UNDECLARED_SELECTOR = YES;
				GCC_WARN_UNINITIALIZED_AUTOS = YES_AGGRESSIVE;
				GCC_WARN_UNUSED_FUNCTION = YES;
				GCC_WARN_UNUSED_VARIABLE = YES;
				IPHONEOS_DEPLOYMENT_TARGET = 16.2;
				MTL_ENABLE_DEBUG_INFO = NO;
				MTL_FAST_MATH = YES;
				SDKROOT = iphoneos;
				SWIFT_COMPILATION_MODE = wholemodule;
				SWIFT_OPTIMIZATION_LEVEL = "-O";
				VALIDATE_PRODUCT = YES;
			};
			name = Release;
		};
		CC5B424629DB0E2100A40DBE /* Debug */ = {
			isa = XCBuildConfiguration;
			buildSettings = {
				ASSETCATALOG_COMPILER_APPICON_NAME = AppIcon;
				ASSETCATALOG_COMPILER_GLOBAL_ACCENT_COLOR_NAME = AccentColor;
				CODE_SIGN_STYLE = Automatic;
				CURRENT_PROJECT_VERSION = 1;
				DEVELOPMENT_ASSET_PATHS = "\"Itambah/Preview Content\"";
				DEVELOPMENT_TEAM = FZWD842KM9;
				ENABLE_PREVIEWS = YES;
				GENERATE_INFOPLIST_FILE = YES;
				INFOPLIST_KEY_UIApplicationSceneManifest_Generation = YES;
				INFOPLIST_KEY_UIApplicationSupportsIndirectInputEvents = YES;
				INFOPLIST_KEY_UILaunchScreen_Generation = YES;
				INFOPLIST_KEY_UISupportedInterfaceOrientations = "UIInterfaceOrientationLandscapeLeft UIInterfaceOrientationLandscapeRight";
				LD_RUNPATH_SEARCH_PATHS = (
					"$(inherited)",
					"@executable_path/Frameworks",
				);
				MARKETING_VERSION = 1.0;
				PRODUCT_BUNDLE_IDENTIFIER = Sayed.Tambah;
				PRODUCT_NAME = "$(TARGET_NAME)";
				SWIFT_EMIT_LOC_STRINGS = YES;
				SWIFT_VERSION = 5.0;
				TARGETED_DEVICE_FAMILY = "1,2";
			};
			name = Debug;
		};
		CC5B424729DB0E2100A40DBE /* Release */ = {
			isa = XCBuildConfiguration;
			buildSettings = {
				ASSETCATALOG_COMPILER_APPICON_NAME = AppIcon;
				ASSETCATALOG_COMPILER_GLOBAL_ACCENT_COLOR_NAME = AccentColor;
				CODE_SIGN_STYLE = Automatic;
				CURRENT_PROJECT_VERSION = 1;
				DEVELOPMENT_ASSET_PATHS = "\"Itambah/Preview Content\"";
				DEVELOPMENT_TEAM = FZWD842KM9;
				ENABLE_PREVIEWS = YES;
				GENERATE_INFOPLIST_FILE = YES;
				INFOPLIST_KEY_UIApplicationSceneManifest_Generation = YES;
				INFOPLIST_KEY_UIApplicationSupportsIndirectInputEvents = YES;
				INFOPLIST_KEY_UILaunchScreen_Generation = YES;
				INFOPLIST_KEY_UISupportedInterfaceOrientations = "UIInterfaceOrientationLandscapeLeft UIInterfaceOrientationLandscapeRight";
				LD_RUNPATH_SEARCH_PATHS = (
					"$(inherited)",
					"@executable_path/Frameworks",
				);
				MARKETING_VERSION = 1.0;
				PRODUCT_BUNDLE_IDENTIFIER = Sayed.Tambah;
				PRODUCT_NAME = "$(TARGET_NAME)";
				SWIFT_EMIT_LOC_STRINGS = YES;
				SWIFT_VERSION = 5.0;
				TARGETED_DEVICE_FAMILY = "1,2";
			};
			name = Release;
		};
/* End XCBuildConfiguration section */

/* Begin XCConfigurationList section */
		CC5B423229DB0E2000A40DBE /* Build configuration list for PBXProject "Itambah" */ = {
			isa = XCConfigurationList;
			buildConfigurations = (
				CC5B424329DB0E2100A40DBE /* Debug */,
				CC5B424429DB0E2100A40DBE /* Release */,
			);
			defaultConfigurationIsVisible = 0;
			defaultConfigurationName = Release;
		};
		CC5B424529DB0E2100A40DBE /* Build configuration list for PBXNativeTarget "Itambah" */ = {
			isa = XCConfigurationList;
			buildConfigurations = (
				CC5B424629DB0E2100A40DBE /* Debug */,
				CC5B424729DB0E2100A40DBE /* Release */,
			);
			defaultConfigurationIsVisible = 0;
			defaultConfigurationName = Release;
		};
/* End XCConfigurationList section */
	};
	rootObject = CC5B422F29DB0E2000A40DBE /* Project object */;
}
